
Microsoft Visual Studio Solution File, Format Version 12.00
# Visual Studio Version 16
VisualStudioVersion = 16.0.30320.27
MinimumVisualStudioVersion = 10.0.40219.1
Project("{FAE04EC0-301F-11D3-BF4B-00C04F79EFBC}") = "TodoApi", "TodoApi\TodoApi.csproj", "{FE6B549E-B726-4659-BA8A-A7DA23D91EA6}"
EndProject
Global
	GlobalSection(SolutionConfigurationPlatforms) = preSolution
		Debug|Any CPU = Debug|Any CPU
		Release|Any CPU = Release|Any CPU
	EndGlobalSection
	GlobalSection(ProjectConfigurationPlatforms) = postSolution
		{FE6B549E-B726-4659-BA8A-A7DA23D91EA6}.Debug|Any CPU.ActiveCfg = Debug|Any CPU
		{FE6B549E-B726-4659-BA8A-A7DA23D91EA6}.Debug|Any CPU.Build.0 = Debug|Any CPU
		{FE6B549E-B726-4659-BA8A-A7DA23D91EA6}.Release|Any CPU.ActiveCfg = Release|Any CPU
		{FE6B549E-B726-4659-BA8A-A7DA23D91EA6}.Release|Any CPU.Build.0 = Release|Any CPU
	EndGlobalSection
	GlobalSection(SolutionProperties) = preSolution
		HideSolutionNode = FALSE
	EndGlobalSection
	GlobalSection(ExtensibilityGlobals) = postSolution
		SolutionGuid = {D925A10A-FBB9-4B74-A7C6-5FE2F8312F30}
	EndGlobalSection
EndGlobal
